
Microsoft Visual Studio Solution File, Format Version 11.00
# Visual C++ Express 2010
Project("{8BC9CEB8-8B4A-11D0-8D11-00A0C91BC942}") = "mocap_data_client", "mocap_data_client\mocap_data_client.vcxproj", "{2A1F8965-5F12-48A7-8E6F-D3E639CEB3FB}"
EndProject
Global
	GlobalSection(SolutionConfigurationPlatforms) = preSolution
		Debug|Win32 = Debug|Win32
		Release|Win32 = Release|Win32
	EndGlobalSection
	GlobalSection(ProjectConfigurationPlatforms) = postSolution
		{2A1F8965-5F12-48A7-8E6F-D3E639CEB3FB}.Debug|Win32.ActiveCfg = Debug|Win32
		{2A1F8965-5F12-48A7-8E6F-D3E639CEB3FB}.Debug|Win32.Build.0 = Debug|Win32
		{2A1F8965-5F12-48A7-8E6F-D3E639CEB3FB}.Release|Win32.ActiveCfg = Release|Win32
		{2A1F8965-5F12-48A7-8E6F-D3E639CEB3FB}.Release|Win32.Build.0 = Release|Win32
	EndGlobalSection
	GlobalSection(SolutionProperties) = preSolution
		HideSolutionNode = FALSE
	EndGlobalSection
EndGlobal
